{
  "name": "notis-schema",
  "version": "0.0.0",
  "lockfileVersion": 1,
  "requires": true,
  "dependencies": {
    "funx-js": {
      "version": "0.0.14",
      "resolved": "https://registry.npmjs.org/funx-js/-/funx-js-0.0.14.tgz",
      "integrity": "sha512-IXxNZLONbH9KmMcC7gctf0SaY8hFh7AgEA/d/5SN5D9ZikQJelcglwdRJQYX91Utc5MKCJVzD2l5CjBJARP+0g=="
    },
    "notis": {
      "version": "0.0.1",
      "resolved": "https://registry.npmjs.org/notis/-/notis-0.0.1.tgz",
      "integrity": "sha512-6KDw+kZAbU6WD8rHAq+gj+BBe/35OmHAwGk+R2TZWgbTYDqMa5FkBwXNmUPJn3/+IwRGbEeoMF7SzszXTd2qVg==",
      "requires": {
        "funx-js": "0.0.14"
      }
    }
  }
}
